// !$*UTF8*$!
{
	archiveVersion = 1;
	classes = {
	};
	objectVersion = 46;
	objects = {

/* Begin PBXBuildFile section */
		4D8CA27C1CAA78300095672F /* main.cpp in Sources */ = {isa = PBXBuildFile; fileRef = 4D8CA27B1CAA78300095672F /* main.cpp */; };
		4D8CA2841CAA785C0095672F /* log.cpp in Sources */ = {isa = PBXBuildFile; fileRef = 4D8CA2821CAA785C0095672F /* log.cpp */; };
		4D9289FC1CD739CF00D23C26 /* account_fn.cpp in Sources */ = {isa = PBXBuildFile; fileRef = 4D9289FB1CD739CF00D23C26 /* account_fn.cpp */; };
		4DE11B441CAA9E1300689A6E /* account.cpp in Sources */ = {isa = PBXBuildFile; fileRef = 4DE11B421CAA9E1300689A6E /* account.cpp */; };
/* End PBXBuildFile section */

/* Begin PBXCopyFilesBuildPhase section */
		4D8CA2761CAA78300095672F /* CopyFiles */ = {
			isa = PBXCopyFilesBuildPhase;
			buildActionMask = 2147483647;
			dstPath = /usr/share/man/man1/;
			dstSubfolderSpec = 0;
			files = (
			);
			runOnlyForDeploymentPostprocessing = 1;
		};
/* End PBXCopyFilesBuildPhase section */

/* Begin PBXFileReference section */
		4D8CA2781CAA78300095672F /* bank management system */ = {isa = PBXFileReference; explicitFileType = "compiled.mach-o.executable"; includeInIndex = 0; path = "bank management system"; sourceTree = BUILT_PRODUCTS_DIR; };
		4D8CA27B1CAA78300095672F /* main.cpp */ = {isa = PBXFileReference; lastKnownFileType = sourcecode.cpp.cpp; path = main.cpp; sourceTree = "<group>"; };
		4D8CA2821CAA785C0095672F /* log.cpp */ = {isa = PBXFileReference; fileEncoding = 4; lastKnownFileType = sourcecode.cpp.cpp; path = log.cpp; sourceTree = "<group>"; };
		4D8CA2831CAA785C0095672F /* log.hpp */ = {isa = PBXFileReference; fileEncoding = 4; lastKnownFileType = sourcecode.cpp.h; path = log.hpp; sourceTree = "<group>"; };
		4D9289FB1CD739CF00D23C26 /* account_fn.cpp */ = {isa = PBXFileReference; fileEncoding = 4; lastKnownFileType = sourcecode.cpp.cpp; path = account_fn.cpp; sourceTree = "<group>"; };
		4DE11B421CAA9E1300689A6E /* account.cpp */ = {isa = PBXFileReference; fileEncoding = 4; lastKnownFileType = sourcecode.cpp.cpp; path = account.cpp; sourceTree = "<group>"; };
		4DE11B431CAA9E1300689A6E /* account.hpp */ = {isa = PBXFileReference; fileEncoding = 4; lastKnownFileType = sourcecode.cpp.h; path = account.hpp; sourceTree = "<group>"; };
/* End PBXFileReference section */

/* Begin PBXFrameworksBuildPhase section */
		4D8CA2751CAA78300095672F /* Frameworks */ = {
			isa = PBXFrameworksBuildPhase;
			buildActionMask = 2147483647;
			files = (
			);
			runOnlyForDeploymentPostprocessing = 0;
		};
/* End PBXFrameworksBuildPhase section */

/* Begin PBXGroup section */
		4D8CA26F1CAA78300095672F = {
			isa = PBXGroup;
			children = (
				4D8CA27A1CAA78300095672F /* bank management system */,
				4D8CA2791CAA78300095672F /* Products */,
			);
			sourceTree = "<group>";
		};
		4D8CA2791CAA78300095672F /* Products */ = {
			isa = PBXGroup;
			children = (
				4D8CA2781CAA78300095672F /* bank management system */,
			);
			name = Products;
			sourceTree = "<group>";
		};
		4D8CA27A1CAA78300095672F /* bank management system */ = {
			isa = PBXGroup;
			children = (
				4D8CA27B1CAA78300095672F /* main.cpp */,
				4D8CA2831CAA785C0095672F /* log.hpp */,
				4D8CA2821CAA785C0095672F /* log.cpp */,
				4DE11B431CAA9E1300689A6E /* account.hpp */,
				4DE11B421CAA9E1300689A6E /* account.cpp */,
				4D9289FB1CD739CF00D23C26 /* account_fn.cpp */,
			);
			name = "bank management system";
			path = "bank managment system";
			sourceTree = "<group>";
		};
/* End PBXGroup section */

/* Begin PBXNativeTarget section */
		4D8CA2771CAA78300095672F /* bank management system */ = {
			isa = PBXNativeTarget;
			buildConfigurationList = 4D8CA27F1CAA78300095672F /* Build configuration list for PBXNativeTarget "bank management system" */;
			buildPhases = (
				4D8CA2741CAA78300095672F /* Sources */,
				4D8CA2751CAA78300095672F /* Frameworks */,
				4D8CA2761CAA78300095672F /* CopyFiles */,
			);
			buildRules = (
			);
			dependencies = (
			);
			name = "bank management system";
			productName = "bank managment system";
			productReference = 4D8CA2781CAA78300095672F /* bank management system */;
			productType = "com.apple.product-type.tool";
		};
/* End PBXNativeTarget section */

/* Begin PBXProject section */
		4D8CA2701CAA78300095672F /* Project object */ = {
			isa = PBXProject;
			attributes = {
				LastUpgradeCheck = 0730;
				ORGANIZATIONNAME = AIT;
				TargetAttributes = {
					4D8CA2771CAA78300095672F = {
						CreatedOnToolsVersion = 7.3;
					};
				};
			};
			buildConfigurationList = 4D8CA2731CAA78300095672F /* Build configuration list for PBXProject "bank management system" */;
			compatibilityVersion = "Xcode 3.2";
			developmentRegion = English;
			hasScannedForEncodings = 0;
			knownRegions = (
				en,
			);
			mainGroup = 4D8CA26F1CAA78300095672F;
			productRefGroup = 4D8CA2791CAA78300095672F /* Products */;
			projectDirPath = "";
			projectRoot = "";
			targets = (
				4D8CA2771CAA78300095672F /* bank management system */,
			);
		};
/* End PBXProject section */

/* Begin PBXSourcesBuildPhase section */
		4D8CA2741CAA78300095672F /* Sources */ = {
			isa = PBXSourcesBuildPhase;
			buildActionMask = 2147483647;
			files = (
				4D8CA27C1CAA78300095672F /* main.cpp in Sources */,
				4DE11B441CAA9E1300689A6E /* account.cpp in Sources */,
				4D8CA2841CAA785C0095672F /* log.cpp in Sources */,
				4D9289FC1CD739CF00D23C26 /* account_fn.cpp in Sources */,
			);
			runOnlyForDeploymentPostprocessing = 0;
		};
/* End PBXSourcesBuildPhase section */

/* Begin XCBuildConfiguration section */
		4D8CA27D1CAA78300095672F /* Debug */ = {
			isa = XCBuildConfiguration;
			buildSettings = {
				ALWAYS_SEARCH_USER_PATHS = NO;
				CLANG_ANALYZER_NONNULL = YES;
				CLANG_CXX_LANGUAGE_STANDARD = "gnu++0x";
				CLANG_CXX_LIBRARY = "libc++";
				CLANG_ENABLE_MODULES = YES;
				CLANG_ENABLE_OBJC_ARC = YES;
				CLANG_WARN_BOOL_CONVERSION = YES;
				CLANG_WARN_CONSTANT_CONVERSION = YES;
				CLANG_WARN_DIRECT_OBJC_ISA_USAGE = YES_ERROR;
				CLANG_WARN_EMPTY_BODY = YES;
				CLANG_WARN_ENUM_CONVERSION = YES;
				CLANG_WARN_INT_CONVERSION = YES;
				CLANG_WARN_OBJC_ROOT_CLASS = YES_ERROR;
				CLANG_WARN_UNREACHABLE_CODE = YES;
				CLANG_WARN__DUPLICATE_METHOD_MATCH = YES;
				CODE_SIGN_IDENTITY = "-";
				COPY_PHASE_STRIP = NO;
				DEBUG_INFORMATION_FORMAT = dwarf;
				ENABLE_STRICT_OBJC_MSGSEND = YES;
				ENABLE_TESTABILITY = YES;
				GCC_C_LANGUAGE_STANDARD = gnu99;
				GCC_DYNAMIC_NO_PIC = NO;
				GCC_NO_COMMON_BLOCKS = YES;
				GCC_OPTIMIZATION_LEVEL = 0;
				GCC_PREPROCESSOR_DEFINITIONS = (
					"DEBUG=1",
					"$(inherited)",
				);
				GCC_WARN_64_TO_32_BIT_CONVERSION = YES;
				GCC_WARN_ABOUT_RETURN_TYPE = YES_ERROR;
				GCC_WARN_UNDECLARED_SELECTOR = YES;
				GCC_WARN_UNINITIALIZED_AUTOS = YES_AGGRESSIVE;
				GCC_WARN_UNUSED_FUNCTION = YES;
				GCC_WARN_UNUSED_VARIABLE = YES;
				MACOSX_DEPLOYMENT_TARGET = 10.11;
				MTL_ENABLE_DEBUG_INFO = YES;
				ONLY_ACTIVE_ARCH = YES;
				SDKROOT = macosx;
			};
			name = Debug;
		};
		4D8CA27E1CAA78300095672F /* Release */ = {
			isa = XCBuildConfiguration;
			buildSettings = {
				ALWAYS_SEARCH_USER_PATHS = NO;
				CLANG_ANALYZER_NONNULL = YES;
				CLANG_CXX_LANGUAGE_STANDARD = "gnu++0x";
				CLANG_CXX_LIBRARY = "libc++";
				CLANG_ENABLE_MODULES = YES;
				CLANG_ENABLE_OBJC_ARC = YES;
				CLANG_WARN_BOOL_CONVERSION = YES;
				CLANG_WARN_CONSTANT_CONVERSION = YES;
				CLANG_WARN_DIRECT_OBJC_ISA_USAGE = YES_ERROR;
				CLANG_WARN_EMPTY_BODY = YES;
				CLANG_WARN_ENUM_CONVERSION = YES;
				CLANG_WARN_INT_CONVERSION = YES;
				CLANG_WARN_OBJC_ROOT_CLASS = YES_ERROR;
				CLANG_WARN_UNREACHABLE_CODE = YES;
				CLANG_WARN__DUPLICATE_METHOD_MATCH = YES;
				CODE_SIGN_IDENTITY = "-";
				COPY_PHASE_STRIP = NO;
				DEBUG_INFORMATION_FORMAT = "dwarf-with-dsym";
				ENABLE_NS_ASSERTIONS = NO;
				ENABLE_STRICT_OBJC_MSGSEND = YES;
				GCC_C_LANGUAGE_STANDARD = gnu99;
				GCC_NO_COMMON_BLOCKS = YES;
				GCC_WARN_64_TO_32_BIT_CONVERSION = YES;
				GCC_WARN_ABOUT_RETURN_TYPE = YES_ERROR;
				GCC_WARN_UNDECLARED_SELECTOR = YES;
				GCC_WARN_UNINITIALIZED_AUTOS = YES_AGGRESSIVE;
				GCC_WARN_UNUSED_FUNCTION = YES;
				GCC_WARN_UNUSED_VARIABLE = YES;
				MACOSX_DEPLOYMENT_TARGET = 10.11;
				MTL_ENABLE_DEBUG_INFO = NO;
				SDKROOT = macosx;
			};
			name = Release;
		};
		4D8CA2801CAA78300095672F /* Debug */ = {
			isa = XCBuildConfiguration;
			buildSettings = {
				PRODUCT_NAME = "bank management system";
			};
			name = Debug;
		};
		4D8CA2811CAA78300095672F /* Release */ = {
			isa = XCBuildConfiguration;
			buildSettings = {
				PRODUCT_NAME = "bank management system";
			};
			name = Release;
		};
/* End XCBuildConfiguration section */

/* Begin XCConfigurationList section */
		4D8CA2731CAA78300095672F /* Build configuration list for PBXProject "bank management system" */ = {
			isa = XCConfigurationList;
			buildConfigurations = (
				4D8CA27D1CAA78300095672F /* Debug */,
				4D8CA27E1CAA78300095672F /* Release */,
			);
			defaultConfigurationIsVisible = 0;
			defaultConfigurationName = Release;
		};
		4D8CA27F1CAA78300095672F /* Build configuration list for PBXNativeTarget "bank management system" */ = {
			isa = XCConfigurationList;
			buildConfigurations = (
				4D8CA2801CAA78300095672F /* Debug */,
				4D8CA2811CAA78300095672F /* Release */,
			);
			defaultConfigurationIsVisible = 0;
			defaultConfigurationName = Release;
		};
/* End XCConfigurationList section */
	};
	rootObject = 4D8CA2701CAA78300095672F /* Project object */;
}
